// !$*UTF8*$!
{
	archiveVersion = 1;
	classes = {
	};
	objectVersion = 56;
	objects = {

/* Begin PBXBuildFile section */
		8D05F24A296E7156008B19F4 /* ProgressHUD in Frameworks */ = {isa = PBXBuildFile; productRef = 8D05F249296E7156008B19F4 /* ProgressHUD */; };
		8D05F24E296FF5BD008B19F4 /* UIBlockingProgressHUD.swift in Sources */ = {isa = PBXBuildFile; fileRef = 8D05F24D296FF5BD008B19F4 /* UIBlockingProgressHUD.swift */; };
		8D1353682922692C0009C517 /* YS Display-Bold.ttf in Resources */ = {isa = PBXBuildFile; fileRef = 8D1353662922692B0009C517 /* YS Display-Bold.ttf */; };
		8D1353692922692C0009C517 /* YS Display-Medium.ttf in Resources */ = {isa = PBXBuildFile; fileRef = 8D1353672922692C0009C517 /* YS Display-Medium.ttf */; };
		8D13536D29226CF80009C517 /* ProfileViewController.swift in Sources */ = {isa = PBXBuildFile; fileRef = 8D13536C29226CF80009C517 /* ProfileViewController.swift */; };
		8D27B3AD2980D36500136E07 /* PhotoResult.swift in Sources */ = {isa = PBXBuildFile; fileRef = 8D27B3AC2980D36500136E07 /* PhotoResult.swift */; };
		8D27B3AF2980D5CB00136E07 /* ImageListService.swift in Sources */ = {isa = PBXBuildFile; fileRef = 8D27B3AE2980D5CB00136E07 /* ImageListService.swift */; };
		8D27B3B12980D65900136E07 /* Photo.swift in Sources */ = {isa = PBXBuildFile; fileRef = 8D27B3B02980D65900136E07 /* Photo.swift */; };
		8D348EF4297AC07B001AE612 /* Kingfisher in Frameworks */ = {isa = PBXBuildFile; productRef = 8D348EF3297AC07B001AE612 /* Kingfisher */; };
		8D348EF7297ADB89001AE612 /* SwiftKeychainWrapper in Frameworks */ = {isa = PBXBuildFile; productRef = 8D348EF6297ADB89001AE612 /* SwiftKeychainWrapper */; };
		8D3C75F52970123500AB4699 /* ProfileService.swift in Sources */ = {isa = PBXBuildFile; fileRef = 8D3C75F42970123500AB4699 /* ProfileService.swift */; };
		8D3C75F72970128C00AB4699 /* ProfileResult.swift in Sources */ = {isa = PBXBuildFile; fileRef = 8D3C75F62970128C00AB4699 /* ProfileResult.swift */; };
		8D43F4FB28FB946800A88BCE /* AppDelegate.swift in Sources */ = {isa = PBXBuildFile; fileRef = 8D43F4FA28FB946800A88BCE /* AppDelegate.swift */; };
		8D43F4FD28FB946800A88BCE /* SceneDelegate.swift in Sources */ = {isa = PBXBuildFile; fileRef = 8D43F4FC28FB946800A88BCE /* SceneDelegate.swift */; };
		8D43F4FF28FB946800A88BCE /* ImagesListViewController.swift in Sources */ = {isa = PBXBuildFile; fileRef = 8D43F4FE28FB946800A88BCE /* ImagesListViewController.swift */; };
		8D43F50228FB946800A88BCE /* Main.storyboard in Resources */ = {isa = PBXBuildFile; fileRef = 8D43F50028FB946800A88BCE /* Main.storyboard */; };
		8D43F50428FB946900A88BCE /* Assets.xcassets in Resources */ = {isa = PBXBuildFile; fileRef = 8D43F50328FB946900A88BCE /* Assets.xcassets */; };
		8D43F50728FB946900A88BCE /* LaunchScreen.storyboard in Resources */ = {isa = PBXBuildFile; fileRef = 8D43F50528FB946900A88BCE /* LaunchScreen.storyboard */; };
		8D5997082918AF21000D87A6 /* ImagesListCell.swift in Sources */ = {isa = PBXBuildFile; fileRef = 8D5997072918AF21000D87A6 /* ImagesListCell.swift */; };
		8D638379297BBF2A0004BEB3 /* TabBarController.swift in Sources */ = {isa = PBXBuildFile; fileRef = 8D638378297BBF2A0004BEB3 /* TabBarController.swift */; };
		8D6474132984C4700012E6B4 /* CookieCleanerService.swift in Sources */ = {isa = PBXBuildFile; fileRef = 8D6474122984C4700012E6B4 /* CookieCleanerService.swift */; };
		8D6474112984302A0012E6B4 /* WebViewPresenter.swift in Sources */ = {isa = PBXBuildFile; fileRef = 8D6474102984302A0012E6B4 /* WebViewPresenter.swift */; };
		8D6474152984F0E60012E6B4 /* AuthConfiguration.swift in Sources */ = {isa = PBXBuildFile; fileRef = 8D6474142984F0E60012E6B4 /* AuthConfiguration.swift */; };
		8D6474172984F2BA0012E6B4 /* AuthHelper.swift in Sources */ = {isa = PBXBuildFile; fileRef = 8D6474162984F2BA0012E6B4 /* AuthHelper.swift */; };
		8D64741F2984FBD40012E6B4 /* GalleryTests.swift in Sources */ = {isa = PBXBuildFile; fileRef = 8D64741E2984FBD40012E6B4 /* GalleryTests.swift */; };
		8D6474262984FE780012E6B4 /* WebViewPresenterSpy.swift in Sources */ = {isa = PBXBuildFile; fileRef = 8D6474252984FE780012E6B4 /* WebViewPresenterSpy.swift */; };
		8D647428298505790012E6B4 /* WebViewVCSpy.swift in Sources */ = {isa = PBXBuildFile; fileRef = 8D647427298505790012E6B4 /* WebViewVCSpy.swift */; };
		8D787DF2296C22FE00026524 /* SplashViewController.swift in Sources */ = {isa = PBXBuildFile; fileRef = 8D787DF1296C22FE00026524 /* SplashViewController.swift */; };
		8D816410296969E500CC74FE /* OAuth2TokenStorage.swift in Sources */ = {isa = PBXBuildFile; fileRef = 8D81640F296969E500CC74FE /* OAuth2TokenStorage.swift */; };
		8D92C74029792A7700DA0072 /* Alert.swift in Sources */ = {isa = PBXBuildFile; fileRef = 8D92C73F29792A7700DA0072 /* Alert.swift */; };
		8D93572C29238D7300E82C2F /* SingleImageViewController.swift in Sources */ = {isa = PBXBuildFile; fileRef = 8D93572B29238D7300E82C2F /* SingleImageViewController.swift */; };
		8D97A8182954199A000E4001 /* OAuthTokenResponseBody.swift in Sources */ = {isa = PBXBuildFile; fileRef = 8D97A8172954199A000E4001 /* OAuthTokenResponseBody.swift */; };
		8D97A81B29541A56000E4001 /* OAuth2Service.swift in Sources */ = {isa = PBXBuildFile; fileRef = 8D97A81A29541A56000E4001 /* OAuth2Service.swift */; };
		8DA8FFCB2970FD6900AC443C /* Profile.swift in Sources */ = {isa = PBXBuildFile; fileRef = 8DA8FFCA2970FD6900AC443C /* Profile.swift */; };
		8DCC22FB29460FC6008E84AA /* Constants.swift in Sources */ = {isa = PBXBuildFile; fileRef = 8DCC22FA29460FC6008E84AA /* Constants.swift */; };
		8DD32370297C29470046C155 /* Colors.swift in Sources */ = {isa = PBXBuildFile; fileRef = 8DD3236F297C29470046C155 /* Colors.swift */; };
		8DD3EFC22946B52F000FEA48 /* AuthViewController.swift in Sources */ = {isa = PBXBuildFile; fileRef = 8DD3EFC12946B52F000FEA48 /* AuthViewController.swift */; };
		8DD3EFC42946B624000FEA48 /* WebViewViewController.swift in Sources */ = {isa = PBXBuildFile; fileRef = 8DD3EFC32946B624000FEA48 /* WebViewViewController.swift */; };
		8DED8CC8297540FA000C2945 /* ProfileImageService.swift in Sources */ = {isa = PBXBuildFile; fileRef = 8DED8CC7297540FA000C2945 /* ProfileImageService.swift */; };
		8DED8CCA29754151000C2945 /* UserResult.swift in Sources */ = {isa = PBXBuildFile; fileRef = 8DED8CC929754151000C2945 /* UserResult.swift */; };
		8DED8CCC2976902C000C2945 /* NetworkClient.swift in Sources */ = {isa = PBXBuildFile; fileRef = 8DED8CCB2976902C000C2945 /* NetworkClient.swift */; };
/* End PBXBuildFile section */

/* Begin PBXContainerItemProxy section */
		8D6474202984FBD40012E6B4 /* PBXContainerItemProxy */ = {
			isa = PBXContainerItemProxy;
			containerPortal = 8D43F4EF28FB946800A88BCE /* Project object */;
			proxyType = 1;
			remoteGlobalIDString = 8D43F4F628FB946800A88BCE;
			remoteInfo = Gallery;
		};
/* End PBXContainerItemProxy section */

/* Begin PBXFileReference section */
		8D05F24D296FF5BD008B19F4 /* UIBlockingProgressHUD.swift */ = {isa = PBXFileReference; lastKnownFileType = sourcecode.swift; path = UIBlockingProgressHUD.swift; sourceTree = "<group>"; };
		8D1353662922692B0009C517 /* YS Display-Bold.ttf */ = {isa = PBXFileReference; lastKnownFileType = file; path = "YS Display-Bold.ttf"; sourceTree = "<group>"; };
		8D1353672922692C0009C517 /* YS Display-Medium.ttf */ = {isa = PBXFileReference; lastKnownFileType = file; path = "YS Display-Medium.ttf"; sourceTree = "<group>"; };
		8D13536C29226CF80009C517 /* ProfileViewController.swift */ = {isa = PBXFileReference; lastKnownFileType = sourcecode.swift; path = ProfileViewController.swift; sourceTree = "<group>"; };
		8D27B3AC2980D36500136E07 /* PhotoResult.swift */ = {isa = PBXFileReference; lastKnownFileType = sourcecode.swift; path = PhotoResult.swift; sourceTree = "<group>"; };
		8D27B3AE2980D5CB00136E07 /* ImageListService.swift */ = {isa = PBXFileReference; lastKnownFileType = sourcecode.swift; path = ImageListService.swift; sourceTree = "<group>"; };
		8D27B3B02980D65900136E07 /* Photo.swift */ = {isa = PBXFileReference; lastKnownFileType = sourcecode.swift; path = Photo.swift; sourceTree = "<group>"; };
		8D3C75F42970123500AB4699 /* ProfileService.swift */ = {isa = PBXFileReference; lastKnownFileType = sourcecode.swift; path = ProfileService.swift; sourceTree = "<group>"; };
		8D3C75F62970128C00AB4699 /* ProfileResult.swift */ = {isa = PBXFileReference; lastKnownFileType = sourcecode.swift; path = ProfileResult.swift; sourceTree = "<group>"; };
		8D43F4F728FB946800A88BCE /* Gallery.app */ = {isa = PBXFileReference; explicitFileType = wrapper.application; includeInIndex = 0; path = Gallery.app; sourceTree = BUILT_PRODUCTS_DIR; };
		8D43F4FA28FB946800A88BCE /* AppDelegate.swift */ = {isa = PBXFileReference; lastKnownFileType = sourcecode.swift; path = AppDelegate.swift; sourceTree = "<group>"; };
		8D43F4FC28FB946800A88BCE /* SceneDelegate.swift */ = {isa = PBXFileReference; lastKnownFileType = sourcecode.swift; path = SceneDelegate.swift; sourceTree = "<group>"; };
		8D43F4FE28FB946800A88BCE /* ImagesListViewController.swift */ = {isa = PBXFileReference; lastKnownFileType = sourcecode.swift; path = ImagesListViewController.swift; sourceTree = "<group>"; };
		8D43F50128FB946800A88BCE /* Base */ = {isa = PBXFileReference; lastKnownFileType = file.storyboard; name = Base; path = Base.lproj/Main.storyboard; sourceTree = "<group>"; };
		8D43F50328FB946900A88BCE /* Assets.xcassets */ = {isa = PBXFileReference; lastKnownFileType = folder.assetcatalog; path = Assets.xcassets; sourceTree = "<group>"; };
		8D43F50628FB946900A88BCE /* Base */ = {isa = PBXFileReference; lastKnownFileType = file.storyboard; name = Base; path = Base.lproj/LaunchScreen.storyboard; sourceTree = "<group>"; };
		8D43F50828FB946900A88BCE /* Info.plist */ = {isa = PBXFileReference; lastKnownFileType = text.plist.xml; path = Info.plist; sourceTree = "<group>"; };
		8D5997072918AF21000D87A6 /* ImagesListCell.swift */ = {isa = PBXFileReference; lastKnownFileType = sourcecode.swift; path = ImagesListCell.swift; sourceTree = "<group>"; };
		8D638378297BBF2A0004BEB3 /* TabBarController.swift */ = {isa = PBXFileReference; lastKnownFileType = sourcecode.swift; path = TabBarController.swift; sourceTree = "<group>"; };
		8D6474122984C4700012E6B4 /* CookieCleanerService.swift */ = {isa = PBXFileReference; lastKnownFileType = sourcecode.swift; path = CookieCleanerService.swift; sourceTree = "<group>"; };
		8D6474102984302A0012E6B4 /* WebViewPresenter.swift */ = {isa = PBXFileReference; lastKnownFileType = sourcecode.swift; path = WebViewPresenter.swift; sourceTree = "<group>"; };
		8D6474142984F0E60012E6B4 /* AuthConfiguration.swift */ = {isa = PBXFileReference; lastKnownFileType = sourcecode.swift; path = AuthConfiguration.swift; sourceTree = "<group>"; };
		8D6474162984F2BA0012E6B4 /* AuthHelper.swift */ = {isa = PBXFileReference; lastKnownFileType = sourcecode.swift; path = AuthHelper.swift; sourceTree = "<group>"; };
		8D64741C2984FBD40012E6B4 /* GalleryTests.xctest */ = {isa = PBXFileReference; explicitFileType = wrapper.cfbundle; includeInIndex = 0; path = GalleryTests.xctest; sourceTree = BUILT_PRODUCTS_DIR; };
		8D64741E2984FBD40012E6B4 /* GalleryTests.swift */ = {isa = PBXFileReference; lastKnownFileType = sourcecode.swift; path = GalleryTests.swift; sourceTree = "<group>"; };
		8D6474252984FE780012E6B4 /* WebViewPresenterSpy.swift */ = {isa = PBXFileReference; lastKnownFileType = sourcecode.swift; path = WebViewPresenterSpy.swift; sourceTree = "<group>"; };
		8D647427298505790012E6B4 /* WebViewVCSpy.swift */ = {isa = PBXFileReference; lastKnownFileType = sourcecode.swift; path = WebViewVCSpy.swift; sourceTree = "<group>"; };
		8D787DF1296C22FE00026524 /* SplashViewController.swift */ = {isa = PBXFileReference; lastKnownFileType = sourcecode.swift; path = SplashViewController.swift; sourceTree = "<group>"; };
		8D81640F296969E500CC74FE /* OAuth2TokenStorage.swift */ = {isa = PBXFileReference; lastKnownFileType = sourcecode.swift; path = OAuth2TokenStorage.swift; sourceTree = "<group>"; };
		8D92C73F29792A7700DA0072 /* Alert.swift */ = {isa = PBXFileReference; lastKnownFileType = sourcecode.swift; path = Alert.swift; sourceTree = "<group>"; };
		8D93572B29238D7300E82C2F /* SingleImageViewController.swift */ = {isa = PBXFileReference; lastKnownFileType = sourcecode.swift; path = SingleImageViewController.swift; sourceTree = "<group>"; };
		8D97A8172954199A000E4001 /* OAuthTokenResponseBody.swift */ = {isa = PBXFileReference; lastKnownFileType = sourcecode.swift; path = OAuthTokenResponseBody.swift; sourceTree = "<group>"; };
		8D97A81A29541A56000E4001 /* OAuth2Service.swift */ = {isa = PBXFileReference; lastKnownFileType = sourcecode.swift; path = OAuth2Service.swift; sourceTree = "<group>"; };
		8DA8FFCA2970FD6900AC443C /* Profile.swift */ = {isa = PBXFileReference; lastKnownFileType = sourcecode.swift; path = Profile.swift; sourceTree = "<group>"; };
		8DCC22FA29460FC6008E84AA /* Constants.swift */ = {isa = PBXFileReference; lastKnownFileType = sourcecode.swift; path = Constants.swift; sourceTree = "<group>"; };
		8DD3236F297C29470046C155 /* Colors.swift */ = {isa = PBXFileReference; lastKnownFileType = sourcecode.swift; path = Colors.swift; sourceTree = "<group>"; };
		8DD3EFC12946B52F000FEA48 /* AuthViewController.swift */ = {isa = PBXFileReference; lastKnownFileType = sourcecode.swift; path = AuthViewController.swift; sourceTree = "<group>"; };
		8DD3EFC32946B624000FEA48 /* WebViewViewController.swift */ = {isa = PBXFileReference; lastKnownFileType = sourcecode.swift; path = WebViewViewController.swift; sourceTree = "<group>"; };
		8DED8CC7297540FA000C2945 /* ProfileImageService.swift */ = {isa = PBXFileReference; lastKnownFileType = sourcecode.swift; path = ProfileImageService.swift; sourceTree = "<group>"; };
		8DED8CC929754151000C2945 /* UserResult.swift */ = {isa = PBXFileReference; lastKnownFileType = sourcecode.swift; path = UserResult.swift; sourceTree = "<group>"; };
		8DED8CCB2976902C000C2945 /* NetworkClient.swift */ = {isa = PBXFileReference; lastKnownFileType = sourcecode.swift; path = NetworkClient.swift; sourceTree = "<group>"; };
/* End PBXFileReference section */

/* Begin PBXFrameworksBuildPhase section */
		8D43F4F428FB946800A88BCE /* Frameworks */ = {
			isa = PBXFrameworksBuildPhase;
			buildActionMask = 2147483647;
			files = (
				8D348EF4297AC07B001AE612 /* Kingfisher in Frameworks */,
				8D05F24A296E7156008B19F4 /* ProgressHUD in Frameworks */,
				8D348EF7297ADB89001AE612 /* SwiftKeychainWrapper in Frameworks */,
			);
			runOnlyForDeploymentPostprocessing = 0;
		};
		8D6474192984FBD40012E6B4 /* Frameworks */ = {
			isa = PBXFrameworksBuildPhase;
			buildActionMask = 2147483647;
			files = (
			);
			runOnlyForDeploymentPostprocessing = 0;
		};
/* End PBXFrameworksBuildPhase section */

/* Begin PBXGroup section */
		8D05F24B296FF53D008B19F4 /* Scenes */ = {
			isa = PBXGroup;
			children = (
				8D787DF0296C22E600026524 /* SplashViewController */,
				8DD3EFC02946B502000FEA48 /* Auth */,
				8D13536E29226D2E0009C517 /* Profile */,
				8D5997092918AF2F000D87A6 /* ImagesList */,
				8D93572D29238D9900E82C2F /* SingleView */,
				8D638378297BBF2A0004BEB3 /* TabBarController.swift */,
			);
			path = Scenes;
			sourceTree = "<group>";
		};
		8D05F24C296FF57E008B19F4 /* Helpers */ = {
			isa = PBXGroup;
			children = (
				8D05F24D296FF5BD008B19F4 /* UIBlockingProgressHUD.swift */,
				8DED8CCB2976902C000C2945 /* NetworkClient.swift */,
				8D92C73F29792A7700DA0072 /* Alert.swift */,
				8DD3236F297C29470046C155 /* Colors.swift */,
			);
			path = Helpers;
			sourceTree = "<group>";
		};
		8D13536B292269430009C517 /* Fonts */ = {
			isa = PBXGroup;
			children = (
				8D1353662922692B0009C517 /* YS Display-Bold.ttf */,
				8D1353672922692C0009C517 /* YS Display-Medium.ttf */,
			);
			path = Fonts;
			sourceTree = "<group>";
		};
		8D13536E29226D2E0009C517 /* Profile */ = {
			isa = PBXGroup;
			children = (
				8D13536C29226CF80009C517 /* ProfileViewController.swift */,
			);
			path = Profile;
			sourceTree = "<group>";
		};
		8D43F4EE28FB946800A88BCE = {
			isa = PBXGroup;
			children = (
				8D43F4F928FB946800A88BCE /* Gallery */,
				8D64741D2984FBD40012E6B4 /* GalleryTests */,
				8D43F4F828FB946800A88BCE /* Products */,
			);
			sourceTree = "<group>";
		};
		8D43F4F828FB946800A88BCE /* Products */ = {
			isa = PBXGroup;
			children = (
				8D43F4F728FB946800A88BCE /* Gallery.app */,
				8D64741C2984FBD40012E6B4 /* GalleryTests.xctest */,
			);
			name = Products;
			sourceTree = "<group>";
		};
		8D43F4F928FB946800A88BCE /* Gallery */ = {
			isa = PBXGroup;
			children = (
				8D05F24C296FF57E008B19F4 /* Helpers */,
				8D97A81929541A41000E4001 /* Services */,
				8D97A81629541975000E4001 /* Models */,
				8D05F24B296FF53D008B19F4 /* Scenes */,
				8D43F50028FB946800A88BCE /* Main.storyboard */,
				8D43F50328FB946900A88BCE /* Assets.xcassets */,
				8DCC22FA29460FC6008E84AA /* Constants.swift */,
				8D13536B292269430009C517 /* Fonts */,
				8D43F50528FB946900A88BCE /* LaunchScreen.storyboard */,
				8D43F50828FB946900A88BCE /* Info.plist */,
				8D43F4FA28FB946800A88BCE /* AppDelegate.swift */,
				8D43F4FC28FB946800A88BCE /* SceneDelegate.swift */,
			);
			path = Gallery;
			sourceTree = "<group>";
		};
		8D5997092918AF2F000D87A6 /* ImagesList */ = {
			isa = PBXGroup;
			children = (
				8D43F4FE28FB946800A88BCE /* ImagesListViewController.swift */,
				8D5997072918AF21000D87A6 /* ImagesListCell.swift */,
			);
			path = ImagesList;
			sourceTree = "<group>";
		};
		8D64741D2984FBD40012E6B4 /* GalleryTests */ = {
			isa = PBXGroup;
			children = (
				8D64741E2984FBD40012E6B4 /* GalleryTests.swift */,
				8D6474252984FE780012E6B4 /* WebViewPresenterSpy.swift */,
				8D647427298505790012E6B4 /* WebViewVCSpy.swift */,
			);
			path = GalleryTests;
			sourceTree = "<group>";
		};
		8D787DF0296C22E600026524 /* SplashViewController */ = {
			isa = PBXGroup;
			children = (
				8D787DF1296C22FE00026524 /* SplashViewController.swift */,
			);
			path = SplashViewController;
			sourceTree = "<group>";
		};
		8D93572D29238D9900E82C2F /* SingleView */ = {
			isa = PBXGroup;
			children = (
				8D93572B29238D7300E82C2F /* SingleImageViewController.swift */,
			);
			path = SingleView;
			sourceTree = "<group>";
		};
		8D97A81629541975000E4001 /* Models */ = {
			isa = PBXGroup;
			children = (
				8D97A8172954199A000E4001 /* OAuthTokenResponseBody.swift */,
				8D3C75F62970128C00AB4699 /* ProfileResult.swift */,
				8DA8FFCA2970FD6900AC443C /* Profile.swift */,
				8DED8CC929754151000C2945 /* UserResult.swift */,
				8D27B3AC2980D36500136E07 /* PhotoResult.swift */,
				8D27B3B02980D65900136E07 /* Photo.swift */,
			);
			path = Models;
			sourceTree = "<group>";
		};
		8D97A81929541A41000E4001 /* Services */ = {
			isa = PBXGroup;
			children = (
				8D81640F296969E500CC74FE /* OAuth2TokenStorage.swift */,
				8D97A81A29541A56000E4001 /* OAuth2Service.swift */,
				8D3C75F42970123500AB4699 /* ProfileService.swift */,
				8DED8CC7297540FA000C2945 /* ProfileImageService.swift */,
				8D27B3AE2980D5CB00136E07 /* ImageListService.swift */,
				8D6474122984C4700012E6B4 /* CookieCleanerService.swift */,
			);
			path = Services;
			sourceTree = "<group>";
		};
		8DD3EFC02946B502000FEA48 /* Auth */ = {
			isa = PBXGroup;
			children = (
				8DD3EFC12946B52F000FEA48 /* AuthViewController.swift */,
				8DD3EFC32946B624000FEA48 /* WebViewViewController.swift */,
				8D6474102984302A0012E6B4 /* WebViewPresenter.swift */,
				8D6474142984F0E60012E6B4 /* AuthConfiguration.swift */,
				8D6474162984F2BA0012E6B4 /* AuthHelper.swift */,
			);
			path = Auth;
			sourceTree = "<group>";
		};
/* End PBXGroup section */

/* Begin PBXNativeTarget section */
		8D43F4F628FB946800A88BCE /* Gallery */ = {
			isa = PBXNativeTarget;
			buildConfigurationList = 8D43F50B28FB946900A88BCE /* Build configuration list for PBXNativeTarget "Gallery" */;
			buildPhases = (
				8D43F4F328FB946800A88BCE /* Sources */,
				8D43F4F428FB946800A88BCE /* Frameworks */,
				8D43F4F528FB946800A88BCE /* Resources */,
			);
			buildRules = (
			);
			dependencies = (
			);
			name = Gallery;
			packageProductDependencies = (
				8D05F249296E7156008B19F4 /* ProgressHUD */,
				8D348EF3297AC07B001AE612 /* Kingfisher */,
				8D348EF6297ADB89001AE612 /* SwiftKeychainWrapper */,
			);
			productName = Gallery;
			productReference = 8D43F4F728FB946800A88BCE /* Gallery.app */;
			productType = "com.apple.product-type.application";
		};
		8D64741B2984FBD40012E6B4 /* GalleryTests */ = {
			isa = PBXNativeTarget;
			buildConfigurationList = 8D6474222984FBD40012E6B4 /* Build configuration list for PBXNativeTarget "GalleryTests" */;
			buildPhases = (
				8D6474182984FBD40012E6B4 /* Sources */,
				8D6474192984FBD40012E6B4 /* Frameworks */,
				8D64741A2984FBD40012E6B4 /* Resources */,
			);
			buildRules = (
			);
			dependencies = (
				8D6474212984FBD40012E6B4 /* PBXTargetDependency */,
			);
			name = GalleryTests;
			productName = GalleryTests;
			productReference = 8D64741C2984FBD40012E6B4 /* GalleryTests.xctest */;
			productType = "com.apple.product-type.bundle.unit-test";
		};
/* End PBXNativeTarget section */

/* Begin PBXProject section */
		8D43F4EF28FB946800A88BCE /* Project object */ = {
			isa = PBXProject;
			attributes = {
				BuildIndependentTargetsInParallel = 1;
				LastSwiftUpdateCheck = 1420;
				LastUpgradeCheck = 1400;
				TargetAttributes = {
					8D43F4F628FB946800A88BCE = {
						CreatedOnToolsVersion = 14.0.1;
					};
					8D64741B2984FBD40012E6B4 = {
						CreatedOnToolsVersion = 14.2;
						TestTargetID = 8D43F4F628FB946800A88BCE;
					};
				};
			};
			buildConfigurationList = 8D43F4F228FB946800A88BCE /* Build configuration list for PBXProject "Gallery" */;
			compatibilityVersion = "Xcode 14.0";
			developmentRegion = en;
			hasScannedForEncodings = 0;
			knownRegions = (
				en,
				Base,
			);
			mainGroup = 8D43F4EE28FB946800A88BCE;
			packageReferences = (
				8D05F248296E7156008B19F4 /* XCRemoteSwiftPackageReference "ProgressHUD" */,
				8D348EF2297AC07B001AE612 /* XCRemoteSwiftPackageReference "Kingfisher" */,
				8D348EF5297ADB89001AE612 /* XCRemoteSwiftPackageReference "SwiftKeychainWrapper" */,
			);
			productRefGroup = 8D43F4F828FB946800A88BCE /* Products */;
			projectDirPath = "";
			projectRoot = "";
			targets = (
				8D43F4F628FB946800A88BCE /* Gallery */,
				8D64741B2984FBD40012E6B4 /* GalleryTests */,
			);
		};
/* End PBXProject section */

/* Begin PBXResourcesBuildPhase section */
		8D43F4F528FB946800A88BCE /* Resources */ = {
			isa = PBXResourcesBuildPhase;
			buildActionMask = 2147483647;
			files = (
				8D43F50728FB946900A88BCE /* LaunchScreen.storyboard in Resources */,
				8D43F50428FB946900A88BCE /* Assets.xcassets in Resources */,
				8D43F50228FB946800A88BCE /* Main.storyboard in Resources */,
				8D1353682922692C0009C517 /* YS Display-Bold.ttf in Resources */,
				8D1353692922692C0009C517 /* YS Display-Medium.ttf in Resources */,
			);
			runOnlyForDeploymentPostprocessing = 0;
		};
		8D64741A2984FBD40012E6B4 /* Resources */ = {
			isa = PBXResourcesBuildPhase;
			buildActionMask = 2147483647;
			files = (
			);
			runOnlyForDeploymentPostprocessing = 0;
		};
/* End PBXResourcesBuildPhase section */

/* Begin PBXSourcesBuildPhase section */
		8D43F4F328FB946800A88BCE /* Sources */ = {
			isa = PBXSourcesBuildPhase;
			buildActionMask = 2147483647;
			files = (
				8DA8FFCB2970FD6900AC443C /* Profile.swift in Sources */,
				8D816410296969E500CC74FE /* OAuth2TokenStorage.swift in Sources */,
				8D43F4FF28FB946800A88BCE /* ImagesListViewController.swift in Sources */,
				8D5997082918AF21000D87A6 /* ImagesListCell.swift in Sources */,
				8D6474152984F0E60012E6B4 /* AuthConfiguration.swift in Sources */,
				8D13536D29226CF80009C517 /* ProfileViewController.swift in Sources */,
				8DCC22FB29460FC6008E84AA /* Constants.swift in Sources */,
				8D27B3B12980D65900136E07 /* Photo.swift in Sources */,
				8D92C74029792A7700DA0072 /* Alert.swift in Sources */,
				8D97A81B29541A56000E4001 /* OAuth2Service.swift in Sources */,
				8D787DF2296C22FE00026524 /* SplashViewController.swift in Sources */,
				8D97A8182954199A000E4001 /* OAuthTokenResponseBody.swift in Sources */,
				8D27B3AF2980D5CB00136E07 /* ImageListService.swift in Sources */,
				8DD3EFC22946B52F000FEA48 /* AuthViewController.swift in Sources */,
				8D6474172984F2BA0012E6B4 /* AuthHelper.swift in Sources */,
				8D3C75F72970128C00AB4699 /* ProfileResult.swift in Sources */,
				8DED8CCC2976902C000C2945 /* NetworkClient.swift in Sources */,
				8D6474132984C4700012E6B4 /* CookieCleanerService.swift in Sources */,
				8DD32370297C29470046C155 /* Colors.swift in Sources */,
				8D638379297BBF2A0004BEB3 /* TabBarController.swift in Sources */,
				8DED8CCA29754151000C2945 /* UserResult.swift in Sources */,
				8D43F4FB28FB946800A88BCE /* AppDelegate.swift in Sources */,
				8D6474112984302A0012E6B4 /* WebViewPresenter.swift in Sources */,
				8D93572C29238D7300E82C2F /* SingleImageViewController.swift in Sources */,
				8DD3EFC42946B624000FEA48 /* WebViewViewController.swift in Sources */,
				8D43F4FD28FB946800A88BCE /* SceneDelegate.swift in Sources */,
				8DED8CC8297540FA000C2945 /* ProfileImageService.swift in Sources */,
				8D27B3AD2980D36500136E07 /* PhotoResult.swift in Sources */,
				8D05F24E296FF5BD008B19F4 /* UIBlockingProgressHUD.swift in Sources */,
				8D3C75F52970123500AB4699 /* ProfileService.swift in Sources */,
			);
			runOnlyForDeploymentPostprocessing = 0;
		};
		8D6474182984FBD40012E6B4 /* Sources */ = {
			isa = PBXSourcesBuildPhase;
			buildActionMask = 2147483647;
			files = (
				8D64741F2984FBD40012E6B4 /* GalleryTests.swift in Sources */,
				8D647428298505790012E6B4 /* WebViewVCSpy.swift in Sources */,
				8D6474262984FE780012E6B4 /* WebViewPresenterSpy.swift in Sources */,
			);
			runOnlyForDeploymentPostprocessing = 0;
		};
/* End PBXSourcesBuildPhase section */

/* Begin PBXTargetDependency section */
		8D6474212984FBD40012E6B4 /* PBXTargetDependency */ = {
			isa = PBXTargetDependency;
			target = 8D43F4F628FB946800A88BCE /* Gallery */;
			targetProxy = 8D6474202984FBD40012E6B4 /* PBXContainerItemProxy */;
		};
/* End PBXTargetDependency section */

/* Begin PBXVariantGroup section */
		8D43F50028FB946800A88BCE /* Main.storyboard */ = {
			isa = PBXVariantGroup;
			children = (
				8D43F50128FB946800A88BCE /* Base */,
			);
			name = Main.storyboard;
			sourceTree = "<group>";
		};
		8D43F50528FB946900A88BCE /* LaunchScreen.storyboard */ = {
			isa = PBXVariantGroup;
			children = (
				8D43F50628FB946900A88BCE /* Base */,
			);
			name = LaunchScreen.storyboard;
			sourceTree = "<group>";
		};
/* End PBXVariantGroup section */

/* Begin XCBuildConfiguration section */
		8D43F50928FB946900A88BCE /* Debug */ = {
			isa = XCBuildConfiguration;
			buildSettings = {
				ALWAYS_SEARCH_USER_PATHS = NO;
				CLANG_ANALYZER_NONNULL = YES;
				CLANG_ANALYZER_NUMBER_OBJECT_CONVERSION = YES_AGGRESSIVE;
				CLANG_CXX_LANGUAGE_STANDARD = "gnu++20";
				CLANG_ENABLE_MODULES = YES;
				CLANG_ENABLE_OBJC_ARC = YES;
				CLANG_ENABLE_OBJC_WEAK = YES;
				CLANG_WARN_BLOCK_CAPTURE_AUTORELEASING = YES;
				CLANG_WARN_BOOL_CONVERSION = YES;
				CLANG_WARN_COMMA = YES;
				CLANG_WARN_CONSTANT_CONVERSION = YES;
				CLANG_WARN_DEPRECATED_OBJC_IMPLEMENTATIONS = YES;
				CLANG_WARN_DIRECT_OBJC_ISA_USAGE = YES_ERROR;
				CLANG_WARN_DOCUMENTATION_COMMENTS = YES;
				CLANG_WARN_EMPTY_BODY = YES;
				CLANG_WARN_ENUM_CONVERSION = YES;
				CLANG_WARN_INFINITE_RECURSION = YES;
				CLANG_WARN_INT_CONVERSION = YES;
				CLANG_WARN_NON_LITERAL_NULL_CONVERSION = YES;
				CLANG_WARN_OBJC_IMPLICIT_RETAIN_SELF = YES;
				CLANG_WARN_OBJC_LITERAL_CONVERSION = YES;
				CLANG_WARN_OBJC_ROOT_CLASS = YES_ERROR;
				CLANG_WARN_QUOTED_INCLUDE_IN_FRAMEWORK_HEADER = YES;
				CLANG_WARN_RANGE_LOOP_ANALYSIS = YES;
				CLANG_WARN_STRICT_PROTOTYPES = YES;
				CLANG_WARN_SUSPICIOUS_MOVE = YES;
				CLANG_WARN_UNGUARDED_AVAILABILITY = YES_AGGRESSIVE;
				CLANG_WARN_UNREACHABLE_CODE = YES;
				CLANG_WARN__DUPLICATE_METHOD_MATCH = YES;
				COPY_PHASE_STRIP = NO;
				DEBUG_INFORMATION_FORMAT = dwarf;
				ENABLE_STRICT_OBJC_MSGSEND = YES;
				ENABLE_TESTABILITY = YES;
				GCC_C_LANGUAGE_STANDARD = gnu11;
				GCC_DYNAMIC_NO_PIC = NO;
				GCC_NO_COMMON_BLOCKS = YES;
				GCC_OPTIMIZATION_LEVEL = 0;
				GCC_PREPROCESSOR_DEFINITIONS = (
					"DEBUG=1",
					"$(inherited)",
				);
				GCC_WARN_64_TO_32_BIT_CONVERSION = YES;
				GCC_WARN_ABOUT_RETURN_TYPE = YES_ERROR;
				GCC_WARN_UNDECLARED_SELECTOR = YES;
				GCC_WARN_UNINITIALIZED_AUTOS = YES_AGGRESSIVE;
				GCC_WARN_UNUSED_FUNCTION = YES;
				GCC_WARN_UNUSED_VARIABLE = YES;
				IPHONEOS_DEPLOYMENT_TARGET = 16.0;
				MTL_ENABLE_DEBUG_INFO = INCLUDE_SOURCE;
				MTL_FAST_MATH = YES;
				ONLY_ACTIVE_ARCH = YES;
				SDKROOT = iphoneos;
				SWIFT_ACTIVE_COMPILATION_CONDITIONS = DEBUG;
				SWIFT_OPTIMIZATION_LEVEL = "-Onone";
			};
			name = Debug;
		};
		8D43F50A28FB946900A88BCE /* Release */ = {
			isa = XCBuildConfiguration;
			buildSettings = {
				ALWAYS_SEARCH_USER_PATHS = NO;
				CLANG_ANALYZER_NONNULL = YES;
				CLANG_ANALYZER_NUMBER_OBJECT_CONVERSION = YES_AGGRESSIVE;
				CLANG_CXX_LANGUAGE_STANDARD = "gnu++20";
				CLANG_ENABLE_MODULES = YES;
				CLANG_ENABLE_OBJC_ARC = YES;
				CLANG_ENABLE_OBJC_WEAK = YES;
				CLANG_WARN_BLOCK_CAPTURE_AUTORELEASING = YES;
				CLANG_WARN_BOOL_CONVERSION = YES;
				CLANG_WARN_COMMA = YES;
				CLANG_WARN_CONSTANT_CONVERSION = YES;
				CLANG_WARN_DEPRECATED_OBJC_IMPLEMENTATIONS = YES;
				CLANG_WARN_DIRECT_OBJC_ISA_USAGE = YES_ERROR;
				CLANG_WARN_DOCUMENTATION_COMMENTS = YES;
				CLANG_WARN_EMPTY_BODY = YES;
				CLANG_WARN_ENUM_CONVERSION = YES;
				CLANG_WARN_INFINITE_RECURSION = YES;
				CLANG_WARN_INT_CONVERSION = YES;
				CLANG_WARN_NON_LITERAL_NULL_CONVERSION = YES;
				CLANG_WARN_OBJC_IMPLICIT_RETAIN_SELF = YES;
				CLANG_WARN_OBJC_LITERAL_CONVERSION = YES;
				CLANG_WARN_OBJC_ROOT_CLASS = YES_ERROR;
				CLANG_WARN_QUOTED_INCLUDE_IN_FRAMEWORK_HEADER = YES;
				CLANG_WARN_RANGE_LOOP_ANALYSIS = YES;
				CLANG_WARN_STRICT_PROTOTYPES = YES;
				CLANG_WARN_SUSPICIOUS_MOVE = YES;
				CLANG_WARN_UNGUARDED_AVAILABILITY = YES_AGGRESSIVE;
				CLANG_WARN_UNREACHABLE_CODE = YES;
				CLANG_WARN__DUPLICATE_METHOD_MATCH = YES;
				COPY_PHASE_STRIP = NO;
				DEBUG_INFORMATION_FORMAT = "dwarf-with-dsym";
				ENABLE_NS_ASSERTIONS = NO;
				ENABLE_STRICT_OBJC_MSGSEND = YES;
				GCC_C_LANGUAGE_STANDARD = gnu11;
				GCC_NO_COMMON_BLOCKS = YES;
				GCC_WARN_64_TO_32_BIT_CONVERSION = YES;
				GCC_WARN_ABOUT_RETURN_TYPE = YES_ERROR;
				GCC_WARN_UNDECLARED_SELECTOR = YES;
				GCC_WARN_UNINITIALIZED_AUTOS = YES_AGGRESSIVE;
				GCC_WARN_UNUSED_FUNCTION = YES;
				GCC_WARN_UNUSED_VARIABLE = YES;
				IPHONEOS_DEPLOYMENT_TARGET = 16.0;
				MTL_ENABLE_DEBUG_INFO = NO;
				MTL_FAST_MATH = YES;
				SDKROOT = iphoneos;
				SWIFT_COMPILATION_MODE = wholemodule;
				SWIFT_OPTIMIZATION_LEVEL = "-O";
				VALIDATE_PRODUCT = YES;
			};
			name = Release;
		};
		8D43F50C28FB946900A88BCE /* Debug */ = {
			isa = XCBuildConfiguration;
			buildSettings = {
				ASSETCATALOG_COMPILER_APPICON_NAME = AppIcon;
				ASSETCATALOG_COMPILER_GLOBAL_ACCENT_COLOR_NAME = AccentColor;
				CODE_SIGN_STYLE = Automatic;
				CURRENT_PROJECT_VERSION = 1;
				DEVELOPMENT_TEAM = 4LW96FX5L3;
				GENERATE_INFOPLIST_FILE = YES;
				INFOPLIST_FILE = Gallery/Info.plist;
				INFOPLIST_KEY_UIApplicationSupportsIndirectInputEvents = YES;
				INFOPLIST_KEY_UILaunchStoryboardName = LaunchScreen;
				INFOPLIST_KEY_UIMainStoryboardFile = Main;
				INFOPLIST_KEY_UISupportedInterfaceOrientations = UIInterfaceOrientationPortrait;
				INFOPLIST_KEY_UISupportedInterfaceOrientations_iPad = "UIInterfaceOrientationLandscapeLeft UIInterfaceOrientationLandscapeRight UIInterfaceOrientationPortrait UIInterfaceOrientationPortraitUpsideDown";
				IPHONEOS_DEPLOYMENT_TARGET = 13.0;
				LD_RUNPATH_SEARCH_PATHS = (
					"$(inherited)",
					"@executable_path/Frameworks",
				);
				MARKETING_VERSION = 1.0;
				PRODUCT_BUNDLE_IDENTIFIER = ru.podarki.Gallery;
				PRODUCT_NAME = "$(TARGET_NAME)";
				SUPPORTED_PLATFORMS = "iphoneos iphonesimulator macosx";
				SUPPORTS_MACCATALYST = NO;
				SUPPORTS_MAC_DESIGNED_FOR_IPHONE_IPAD = NO;
				SWIFT_EMIT_LOC_STRINGS = YES;
				SWIFT_VERSION = 5.0;
				TARGETED_DEVICE_FAMILY = 1;
			};
			name = Debug;
		};
		8D43F50D28FB946900A88BCE /* Release */ = {
			isa = XCBuildConfiguration;
			buildSettings = {
				ASSETCATALOG_COMPILER_APPICON_NAME = AppIcon;
				ASSETCATALOG_COMPILER_GLOBAL_ACCENT_COLOR_NAME = AccentColor;
				CODE_SIGN_STYLE = Automatic;
				CURRENT_PROJECT_VERSION = 1;
				DEVELOPMENT_TEAM = 4LW96FX5L3;
				GENERATE_INFOPLIST_FILE = YES;
				INFOPLIST_FILE = Gallery/Info.plist;
				INFOPLIST_KEY_UIApplicationSupportsIndirectInputEvents = YES;
				INFOPLIST_KEY_UILaunchStoryboardName = LaunchScreen;
				INFOPLIST_KEY_UIMainStoryboardFile = Main;
				INFOPLIST_KEY_UISupportedInterfaceOrientations = UIInterfaceOrientationPortrait;
				INFOPLIST_KEY_UISupportedInterfaceOrientations_iPad = "UIInterfaceOrientationLandscapeLeft UIInterfaceOrientationLandscapeRight UIInterfaceOrientationPortrait UIInterfaceOrientationPortraitUpsideDown";
				IPHONEOS_DEPLOYMENT_TARGET = 13.0;
				LD_RUNPATH_SEARCH_PATHS = (
					"$(inherited)",
					"@executable_path/Frameworks",
				);
				MARKETING_VERSION = 1.0;
				PRODUCT_BUNDLE_IDENTIFIER = ru.podarki.Gallery;
				PRODUCT_NAME = "$(TARGET_NAME)";
				SUPPORTED_PLATFORMS = "iphoneos iphonesimulator macosx";
				SUPPORTS_MACCATALYST = NO;
				SUPPORTS_MAC_DESIGNED_FOR_IPHONE_IPAD = NO;
				SWIFT_EMIT_LOC_STRINGS = YES;
				SWIFT_VERSION = 5.0;
				TARGETED_DEVICE_FAMILY = 1;
			};
			name = Release;
		};
		8D6474232984FBD40012E6B4 /* Debug */ = {
			isa = XCBuildConfiguration;
			buildSettings = {
				BUNDLE_LOADER = "$(TEST_HOST)";
				CODE_SIGN_STYLE = Automatic;
				CURRENT_PROJECT_VERSION = 1;
				DEVELOPMENT_TEAM = 4LW96FX5L3;
				GENERATE_INFOPLIST_FILE = YES;
				IPHONEOS_DEPLOYMENT_TARGET = 16.2;
				MARKETING_VERSION = 1.0;
				PRODUCT_BUNDLE_IDENTIFIER = ru.podarki.GalleryTests;
				PRODUCT_NAME = "$(TARGET_NAME)";
				SWIFT_EMIT_LOC_STRINGS = NO;
				SWIFT_VERSION = 5.0;
				TARGETED_DEVICE_FAMILY = "1,2";
				TEST_HOST = "$(BUILT_PRODUCTS_DIR)/Gallery.app/$(BUNDLE_EXECUTABLE_FOLDER_PATH)/Gallery";
			};
			name = Debug;
		};
		8D6474242984FBD40012E6B4 /* Release */ = {
			isa = XCBuildConfiguration;
			buildSettings = {
				BUNDLE_LOADER = "$(TEST_HOST)";
				CODE_SIGN_STYLE = Automatic;
				CURRENT_PROJECT_VERSION = 1;
				DEVELOPMENT_TEAM = 4LW96FX5L3;
				GENERATE_INFOPLIST_FILE = YES;
				IPHONEOS_DEPLOYMENT_TARGET = 16.2;
				MARKETING_VERSION = 1.0;
				PRODUCT_BUNDLE_IDENTIFIER = ru.podarki.GalleryTests;
				PRODUCT_NAME = "$(TARGET_NAME)";
				SWIFT_EMIT_LOC_STRINGS = NO;
				SWIFT_VERSION = 5.0;
				TARGETED_DEVICE_FAMILY = "1,2";
				TEST_HOST = "$(BUILT_PRODUCTS_DIR)/Gallery.app/$(BUNDLE_EXECUTABLE_FOLDER_PATH)/Gallery";
			};
			name = Release;
		};
/* End XCBuildConfiguration section */

/* Begin XCConfigurationList section */
		8D43F4F228FB946800A88BCE /* Build configuration list for PBXProject "Gallery" */ = {
			isa = XCConfigurationList;
			buildConfigurations = (
				8D43F50928FB946900A88BCE /* Debug */,
				8D43F50A28FB946900A88BCE /* Release */,
			);
			defaultConfigurationIsVisible = 0;
			defaultConfigurationName = Release;
		};
		8D43F50B28FB946900A88BCE /* Build configuration list for PBXNativeTarget "Gallery" */ = {
			isa = XCConfigurationList;
			buildConfigurations = (
				8D43F50C28FB946900A88BCE /* Debug */,
				8D43F50D28FB946900A88BCE /* Release */,
			);
			defaultConfigurationIsVisible = 0;
			defaultConfigurationName = Release;
		};
		8D6474222984FBD40012E6B4 /* Build configuration list for PBXNativeTarget "GalleryTests" */ = {
			isa = XCConfigurationList;
			buildConfigurations = (
				8D6474232984FBD40012E6B4 /* Debug */,
				8D6474242984FBD40012E6B4 /* Release */,
			);
			defaultConfigurationIsVisible = 0;
			defaultConfigurationName = Release;
		};
/* End XCConfigurationList section */

/* Begin XCRemoteSwiftPackageReference section */
		8D05F248296E7156008B19F4 /* XCRemoteSwiftPackageReference "ProgressHUD" */ = {
			isa = XCRemoteSwiftPackageReference;
			repositoryURL = "https://github.com/relatedcode/ProgressHUD";
			requirement = {
				branch = master;
				kind = branch;
			};
		};
		8D348EF2297AC07B001AE612 /* XCRemoteSwiftPackageReference "Kingfisher" */ = {
			isa = XCRemoteSwiftPackageReference;
			repositoryURL = "https://github.com/onevcat/Kingfisher.git";
			requirement = {
				kind = upToNextMajorVersion;
				minimumVersion = 7.0.0;
			};
		};
		8D348EF5297ADB89001AE612 /* XCRemoteSwiftPackageReference "SwiftKeychainWrapper" */ = {
			isa = XCRemoteSwiftPackageReference;
			repositoryURL = "https://github.com/jrendel/SwiftKeychainWrapper";
			requirement = {
				kind = upToNextMajorVersion;
				minimumVersion = 4.0.0;
			};
		};
/* End XCRemoteSwiftPackageReference section */

/* Begin XCSwiftPackageProductDependency section */
		8D05F249296E7156008B19F4 /* ProgressHUD */ = {
			isa = XCSwiftPackageProductDependency;
			package = 8D05F248296E7156008B19F4 /* XCRemoteSwiftPackageReference "ProgressHUD" */;
			productName = ProgressHUD;
		};
		8D348EF3297AC07B001AE612 /* Kingfisher */ = {
			isa = XCSwiftPackageProductDependency;
			package = 8D348EF2297AC07B001AE612 /* XCRemoteSwiftPackageReference "Kingfisher" */;
			productName = Kingfisher;
		};
		8D348EF6297ADB89001AE612 /* SwiftKeychainWrapper */ = {
			isa = XCSwiftPackageProductDependency;
			package = 8D348EF5297ADB89001AE612 /* XCRemoteSwiftPackageReference "SwiftKeychainWrapper" */;
			productName = SwiftKeychainWrapper;
		};
/* End XCSwiftPackageProductDependency section */
	};
	rootObject = 8D43F4EF28FB946800A88BCE /* Project object */;
}
